// !$*UTF8*$!
{
	archiveVersion = 1;
	classes = {
	};
	objectVersion = 56;
	objects = {

/* Begin PBXBuildFile section */
		2B03A0E12C09C5180022037B /* VoiceAnimationView.swift in Sources */ = {isa = PBXBuildFile; fileRef = 2B03A0E02C09C5180022037B /* VoiceAnimationView.swift */; };
		2B03A0E62C0A27A80022037B /* APIKeyView.swift in Sources */ = {isa = PBXBuildFile; fileRef = 2B03A0E52C0A27A80022037B /* APIKeyView.swift */; };
		2B03A0E82C0A2A830022037B /* KeyChain.swift in Sources */ = {isa = PBXBuildFile; fileRef = 2B03A0E72C0A2A830022037B /* KeyChain.swift */; };
		2B3AD9D62C0B53F7003FDF08 /* SettingView.swift in Sources */ = {isa = PBXBuildFile; fileRef = 2B3AD9D52C0B53F7003FDF08 /* SettingView.swift */; };
		2B3AD9D82C0B5417003FDF08 /* LanguageSetting.swift in Sources */ = {isa = PBXBuildFile; fileRef = 2B3AD9D72C0B5417003FDF08 /* LanguageSetting.swift */; };
		2B3AD9DA2C0B5996003FDF08 /* Localizable.xcstrings in Resources */ = {isa = PBXBuildFile; fileRef = 2B3AD9D92C0B5996003FDF08 /* Localizable.xcstrings */; };
		2B4AB0B92C049D6B005BE773 /* Formatter.swift in Sources */ = {isa = PBXBuildFile; fileRef = 2B4AB0B82C049D6B005BE773 /* Formatter.swift */; };
		2B4AB0BB2C04BFA0005BE773 /* ViewExtension.swift in Sources */ = {isa = PBXBuildFile; fileRef = 2B4AB0BA2C04BFA0005BE773 /* ViewExtension.swift */; };
		2B4AB0BD2C063EAC005BE773 /* SpeechView.swift in Sources */ = {isa = PBXBuildFile; fileRef = 2B4AB0BC2C063EAC005BE773 /* SpeechView.swift */; };
		2B4AB0BF2C063EC5005BE773 /* SpeechViewModel.swift in Sources */ = {isa = PBXBuildFile; fileRef = 2B4AB0BE2C063EC5005BE773 /* SpeechViewModel.swift */; };
		2B4AB0C12C063EE8005BE773 /* SpeechModel.swift in Sources */ = {isa = PBXBuildFile; fileRef = 2B4AB0C02C063EE8005BE773 /* SpeechModel.swift */; };
		2B6029252C0C267C005F2F9A /* ImageConversationView.swift in Sources */ = {isa = PBXBuildFile; fileRef = 2B6029242C0C267C005F2F9A /* ImageConversationView.swift */; };
		2B83916B2C02477A009F3A43 /* MainTabView.swift in Sources */ = {isa = PBXBuildFile; fileRef = 2B83916A2C02477A009F3A43 /* MainTabView.swift */; };
		2B83916D2C0247D8009F3A43 /* ImageView.swift in Sources */ = {isa = PBXBuildFile; fileRef = 2B83916C2C0247D8009F3A43 /* ImageView.swift */; };
		2B83916F2C024FBE009F3A43 /* OpenAI in Frameworks */ = {isa = PBXBuildFile; productRef = 2B83916E2C024FBE009F3A43 /* OpenAI */; };
		2B9D4DEF2C0CC565001E8E2F /* Alamofire in Frameworks */ = {isa = PBXBuildFile; productRef = 2B9D4DEE2C0CC565001E8E2F /* Alamofire */; };
		2BC0005B2C00F8AC00A36B93 /* ChatGPT_ChatAppApp.swift in Sources */ = {isa = PBXBuildFile; fileRef = 2BC0005A2C00F8AC00A36B93 /* ChatGPT_ChatAppApp.swift */; };
		2BC0005D2C00F8AC00A36B93 /* MainView.swift in Sources */ = {isa = PBXBuildFile; fileRef = 2BC0005C2C00F8AC00A36B93 /* MainView.swift */; };
		2BC0005F2C00F8AD00A36B93 /* Assets.xcassets in Resources */ = {isa = PBXBuildFile; fileRef = 2BC0005E2C00F8AD00A36B93 /* Assets.xcassets */; };
		2BC000622C00F8AD00A36B93 /* Preview Assets.xcassets in Resources */ = {isa = PBXBuildFile; fileRef = 2BC000612C00F8AD00A36B93 /* Preview Assets.xcassets */; };
		2BC0006C2C00F9AC00A36B93 /* Conversation.swift in Sources */ = {isa = PBXBuildFile; fileRef = 2BC0006B2C00F9AC00A36B93 /* Conversation.swift */; };
		2BC0006E2C00F9BF00A36B93 /* Message.swift in Sources */ = {isa = PBXBuildFile; fileRef = 2BC0006D2C00F9BF00A36B93 /* Message.swift */; };
		2BC000702C00F9E000A36B93 /* ChatGPT.swift in Sources */ = {isa = PBXBuildFile; fileRef = 2BC0006F2C00F9E000A36B93 /* ChatGPT.swift */; };
		2BC000722C01C4D500A36B93 /* ConversationView.swift in Sources */ = {isa = PBXBuildFile; fileRef = 2BC000712C01C4D500A36B93 /* ConversationView.swift */; };
		2BC000742C02232400A36B93 /* PreviewContainer.swift in Sources */ = {isa = PBXBuildFile; fileRef = 2BC000732C02232400A36B93 /* PreviewContainer.swift */; };
		2BF38AD92C0C2A1D0070801A /* ImageViewModel.swift in Sources */ = {isa = PBXBuildFile; fileRef = 2BF38AD82C0C2A1D0070801A /* ImageViewModel.swift */; };
/* End PBXBuildFile section */

/* Begin PBXFileReference section */
		2B03A0E02C09C5180022037B /* VoiceAnimationView.swift */ = {isa = PBXFileReference; lastKnownFileType = sourcecode.swift; path = VoiceAnimationView.swift; sourceTree = "<group>"; };
		2B03A0E52C0A27A80022037B /* APIKeyView.swift */ = {isa = PBXFileReference; lastKnownFileType = sourcecode.swift; path = APIKeyView.swift; sourceTree = "<group>"; };
		2B03A0E72C0A2A830022037B /* KeyChain.swift */ = {isa = PBXFileReference; lastKnownFileType = sourcecode.swift; path = KeyChain.swift; sourceTree = "<group>"; };
		2B3AD9D52C0B53F7003FDF08 /* SettingView.swift */ = {isa = PBXFileReference; lastKnownFileType = sourcecode.swift; path = SettingView.swift; sourceTree = "<group>"; };
		2B3AD9D72C0B5417003FDF08 /* LanguageSetting.swift */ = {isa = PBXFileReference; lastKnownFileType = sourcecode.swift; path = LanguageSetting.swift; sourceTree = "<group>"; };
		2B3AD9D92C0B5996003FDF08 /* Localizable.xcstrings */ = {isa = PBXFileReference; fileEncoding = 4; lastKnownFileType = text.json.xcstrings; path = Localizable.xcstrings; sourceTree = "<group>"; };
		2B4AB0B82C049D6B005BE773 /* Formatter.swift */ = {isa = PBXFileReference; lastKnownFileType = sourcecode.swift; path = Formatter.swift; sourceTree = "<group>"; };
		2B4AB0BA2C04BFA0005BE773 /* ViewExtension.swift */ = {isa = PBXFileReference; lastKnownFileType = sourcecode.swift; path = ViewExtension.swift; sourceTree = "<group>"; };
		2B4AB0BC2C063EAC005BE773 /* SpeechView.swift */ = {isa = PBXFileReference; lastKnownFileType = sourcecode.swift; path = SpeechView.swift; sourceTree = "<group>"; };
		2B4AB0BE2C063EC5005BE773 /* SpeechViewModel.swift */ = {isa = PBXFileReference; lastKnownFileType = sourcecode.swift; path = SpeechViewModel.swift; sourceTree = "<group>"; };
		2B4AB0C02C063EE8005BE773 /* SpeechModel.swift */ = {isa = PBXFileReference; lastKnownFileType = sourcecode.swift; path = SpeechModel.swift; sourceTree = "<group>"; };
		2B6029242C0C267C005F2F9A /* ImageConversationView.swift */ = {isa = PBXFileReference; lastKnownFileType = sourcecode.swift; path = ImageConversationView.swift; sourceTree = "<group>"; };
		2B83916A2C02477A009F3A43 /* MainTabView.swift */ = {isa = PBXFileReference; lastKnownFileType = sourcecode.swift; path = MainTabView.swift; sourceTree = "<group>"; };
		2B83916C2C0247D8009F3A43 /* ImageView.swift */ = {isa = PBXFileReference; lastKnownFileType = sourcecode.swift; path = ImageView.swift; sourceTree = "<group>"; };
		2BC000572C00F8AC00A36B93 /* ChatGPT_ChatApp.app */ = {isa = PBXFileReference; explicitFileType = wrapper.application; includeInIndex = 0; path = ChatGPT_ChatApp.app; sourceTree = BUILT_PRODUCTS_DIR; };
		2BC0005A2C00F8AC00A36B93 /* ChatGPT_ChatAppApp.swift */ = {isa = PBXFileReference; lastKnownFileType = sourcecode.swift; path = ChatGPT_ChatAppApp.swift; sourceTree = "<group>"; };
		2BC0005C2C00F8AC00A36B93 /* MainView.swift */ = {isa = PBXFileReference; lastKnownFileType = sourcecode.swift; path = MainView.swift; sourceTree = "<group>"; };
		2BC0005E2C00F8AD00A36B93 /* Assets.xcassets */ = {isa = PBXFileReference; lastKnownFileType = folder.assetcatalog; path = Assets.xcassets; sourceTree = "<group>"; };
		2BC000612C00F8AD00A36B93 /* Preview Assets.xcassets */ = {isa = PBXFileReference; lastKnownFileType = folder.assetcatalog; path = "Preview Assets.xcassets"; sourceTree = "<group>"; };
		2BC0006B2C00F9AC00A36B93 /* Conversation.swift */ = {isa = PBXFileReference; lastKnownFileType = sourcecode.swift; path = Conversation.swift; sourceTree = "<group>"; };
		2BC0006D2C00F9BF00A36B93 /* Message.swift */ = {isa = PBXFileReference; lastKnownFileType = sourcecode.swift; path = Message.swift; sourceTree = "<group>"; };
		2BC0006F2C00F9E000A36B93 /* ChatGPT.swift */ = {isa = PBXFileReference; lastKnownFileType = sourcecode.swift; path = ChatGPT.swift; sourceTree = "<group>"; };
		2BC000712C01C4D500A36B93 /* ConversationView.swift */ = {isa = PBXFileReference; lastKnownFileType = sourcecode.swift; path = ConversationView.swift; sourceTree = "<group>"; };
		2BC000732C02232400A36B93 /* PreviewContainer.swift */ = {isa = PBXFileReference; lastKnownFileType = sourcecode.swift; path = PreviewContainer.swift; sourceTree = "<group>"; };
		2BF38AD82C0C2A1D0070801A /* ImageViewModel.swift */ = {isa = PBXFileReference; lastKnownFileType = sourcecode.swift; path = ImageViewModel.swift; sourceTree = "<group>"; };
/* End PBXFileReference section */

/* Begin PBXFrameworksBuildPhase section */
		2BC000542C00F8AC00A36B93 /* Frameworks */ = {
			isa = PBXFrameworksBuildPhase;
			buildActionMask = 2147483647;
			files = (
				2B83916F2C024FBE009F3A43 /* OpenAI in Frameworks */,
				2B9D4DEF2C0CC565001E8E2F /* Alamofire in Frameworks */,
			);
			runOnlyForDeploymentPostprocessing = 0;
		};
/* End PBXFrameworksBuildPhase section */

/* Begin PBXGroup section */
		2B03A0E22C0A269E0022037B /* ViewModel */ = {
			isa = PBXGroup;
			children = (
				2B4AB0BE2C063EC5005BE773 /* SpeechViewModel.swift */,
				2BC0006F2C00F9E000A36B93 /* ChatGPT.swift */,
				2BF38AD82C0C2A1D0070801A /* ImageViewModel.swift */,
			);
			path = ViewModel;
			sourceTree = "<group>";
		};
		2B03A0E32C0A26BD0022037B /* Model */ = {
			isa = PBXGroup;
			children = (
				2BC0006D2C00F9BF00A36B93 /* Message.swift */,
				2BC0006B2C00F9AC00A36B93 /* Conversation.swift */,
				2B4AB0C02C063EE8005BE773 /* SpeechModel.swift */,
				2B3AD9D72C0B5417003FDF08 /* LanguageSetting.swift */,
			);
			path = Model;
			sourceTree = "<group>";
		};
		2B03A0E42C0A27560022037B /* View */ = {
			isa = PBXGroup;
			children = (
				2B03A0E52C0A27A80022037B /* APIKeyView.swift */,
				2B83916A2C02477A009F3A43 /* MainTabView.swift */,
				2BC0005C2C00F8AC00A36B93 /* MainView.swift */,
				2BC000712C01C4D500A36B93 /* ConversationView.swift */,
				2B83916C2C0247D8009F3A43 /* ImageView.swift */,
				2B6029242C0C267C005F2F9A /* ImageConversationView.swift */,
				2B4AB0BC2C063EAC005BE773 /* SpeechView.swift */,
				2B03A0E02C09C5180022037B /* VoiceAnimationView.swift */,
				2B3AD9D52C0B53F7003FDF08 /* SettingView.swift */,
			);
			path = View;
			sourceTree = "<group>";
		};
		2BC0004E2C00F8AC00A36B93 = {
			isa = PBXGroup;
			children = (
				2BC000592C00F8AC00A36B93 /* ChatGPT_ChatApp */,
				2BC000582C00F8AC00A36B93 /* Products */,
			);
			sourceTree = "<group>";
		};
		2BC000582C00F8AC00A36B93 /* Products */ = {
			isa = PBXGroup;
			children = (
				2BC000572C00F8AC00A36B93 /* ChatGPT_ChatApp.app */,
			);
			name = Products;
			sourceTree = "<group>";
		};
		2BC000592C00F8AC00A36B93 /* ChatGPT_ChatApp */ = {
			isa = PBXGroup;
			children = (
				2B3AD9D92C0B5996003FDF08 /* Localizable.xcstrings */,
				2B03A0E32C0A26BD0022037B /* Model */,
				2B03A0E42C0A27560022037B /* View */,
				2B03A0E22C0A269E0022037B /* ViewModel */,
				2B4AB0B82C049D6B005BE773 /* Formatter.swift */,
				2B4AB0BA2C04BFA0005BE773 /* ViewExtension.swift */,
				2B03A0E72C0A2A830022037B /* KeyChain.swift */,
				2BC0005A2C00F8AC00A36B93 /* ChatGPT_ChatAppApp.swift */,
				2BC000732C02232400A36B93 /* PreviewContainer.swift */,
				2BC0005E2C00F8AD00A36B93 /* Assets.xcassets */,
				2BC000602C00F8AD00A36B93 /* Preview Content */,
			);
			path = ChatGPT_ChatApp;
			sourceTree = "<group>";
		};
		2BC000602C00F8AD00A36B93 /* Preview Content */ = {
			isa = PBXGroup;
			children = (
				2BC000612C00F8AD00A36B93 /* Preview Assets.xcassets */,
			);
			path = "Preview Content";
			sourceTree = "<group>";
		};
/* End PBXGroup section */

/* Begin PBXNativeTarget section */
		2BC000562C00F8AC00A36B93 /* ChatGPT_ChatApp */ = {
			isa = PBXNativeTarget;
			buildConfigurationList = 2BC000652C00F8AD00A36B93 /* Build configuration list for PBXNativeTarget "ChatGPT_ChatApp" */;
			buildPhases = (
				2BC000532C00F8AC00A36B93 /* Sources */,
				2BC000542C00F8AC00A36B93 /* Frameworks */,
				2BC000552C00F8AC00A36B93 /* Resources */,
			);
			buildRules = (
			);
			dependencies = (
			);
			name = ChatGPT_ChatApp;
			packageProductDependencies = (
				2B83916E2C024FBE009F3A43 /* OpenAI */,
				2B9D4DEE2C0CC565001E8E2F /* Alamofire */,
			);
			productName = ChatGPT_ChatApp;
			productReference = 2BC000572C00F8AC00A36B93 /* ChatGPT_ChatApp.app */;
			productType = "com.apple.product-type.application";
		};
/* End PBXNativeTarget section */

/* Begin PBXProject section */
		2BC0004F2C00F8AC00A36B93 /* Project object */ = {
			isa = PBXProject;
			attributes = {
				BuildIndependentTargetsInParallel = 1;
				LastSwiftUpdateCheck = 1530;
				LastUpgradeCheck = 1540;
				TargetAttributes = {
					2BC000562C00F8AC00A36B93 = {
						CreatedOnToolsVersion = 15.3;
					};
				};
			};
			buildConfigurationList = 2BC000522C00F8AC00A36B93 /* Build configuration list for PBXProject "ChatGPT_ChatApp" */;
			compatibilityVersion = "Xcode 14.0";
			developmentRegion = en;
			hasScannedForEncodings = 0;
			knownRegions = (
				en,
				Base,
				ko,
				ja,
			);
			mainGroup = 2BC0004E2C00F8AC00A36B93;
			packageReferences = (
				2BC000682C00F8C300A36B93 /* XCRemoteSwiftPackageReference "OpenAI" */,
				2B9D4DED2C0CC565001E8E2F /* XCRemoteSwiftPackageReference "Alamofire" */,
			);
			productRefGroup = 2BC000582C00F8AC00A36B93 /* Products */;
			projectDirPath = "";
			projectRoot = "";
			targets = (
				2BC000562C00F8AC00A36B93 /* ChatGPT_ChatApp */,
			);
		};
/* End PBXProject section */

/* Begin PBXResourcesBuildPhase section */
		2BC000552C00F8AC00A36B93 /* Resources */ = {
			isa = PBXResourcesBuildPhase;
			buildActionMask = 2147483647;
			files = (
				2BC000622C00F8AD00A36B93 /* Preview Assets.xcassets in Resources */,
				2BC0005F2C00F8AD00A36B93 /* Assets.xcassets in Resources */,
				2B3AD9DA2C0B5996003FDF08 /* Localizable.xcstrings in Resources */,
			);
			runOnlyForDeploymentPostprocessing = 0;
		};
/* End PBXResourcesBuildPhase section */

/* Begin PBXSourcesBuildPhase section */
		2BC000532C00F8AC00A36B93 /* Sources */ = {
			isa = PBXSourcesBuildPhase;
			buildActionMask = 2147483647;
			files = (
				2BF38AD92C0C2A1D0070801A /* ImageViewModel.swift in Sources */,
				2BC0005D2C00F8AC00A36B93 /* MainView.swift in Sources */,
				2BC0006E2C00F9BF00A36B93 /* Message.swift in Sources */,
				2B03A0E12C09C5180022037B /* VoiceAnimationView.swift in Sources */,
				2B4AB0BF2C063EC5005BE773 /* SpeechViewModel.swift in Sources */,
				2B4AB0B92C049D6B005BE773 /* Formatter.swift in Sources */,
				2BC000702C00F9E000A36B93 /* ChatGPT.swift in Sources */,
				2B3AD9D82C0B5417003FDF08 /* LanguageSetting.swift in Sources */,
				2B83916B2C02477A009F3A43 /* MainTabView.swift in Sources */,
				2B03A0E82C0A2A830022037B /* KeyChain.swift in Sources */,
				2BC0005B2C00F8AC00A36B93 /* ChatGPT_ChatAppApp.swift in Sources */,
				2B4AB0C12C063EE8005BE773 /* SpeechModel.swift in Sources */,
				2B3AD9D62C0B53F7003FDF08 /* SettingView.swift in Sources */,
				2B03A0E62C0A27A80022037B /* APIKeyView.swift in Sources */,
				2B4AB0BB2C04BFA0005BE773 /* ViewExtension.swift in Sources */,
				2BC0006C2C00F9AC00A36B93 /* Conversation.swift in Sources */,
				2B83916D2C0247D8009F3A43 /* ImageView.swift in Sources */,
				2BC000742C02232400A36B93 /* PreviewContainer.swift in Sources */,
				2B4AB0BD2C063EAC005BE773 /* SpeechView.swift in Sources */,
				2BC000722C01C4D500A36B93 /* ConversationView.swift in Sources */,
				2B6029252C0C267C005F2F9A /* ImageConversationView.swift in Sources */,
			);
			runOnlyForDeploymentPostprocessing = 0;
		};
/* End PBXSourcesBuildPhase section */

/* Begin XCBuildConfiguration section */
		2BC000632C00F8AD00A36B93 /* Debug */ = {
			isa = XCBuildConfiguration;
			buildSettings = {
				ALWAYS_SEARCH_USER_PATHS = NO;
				ASSETCATALOG_COMPILER_GENERATE_SWIFT_ASSET_SYMBOL_EXTENSIONS = YES;
				CLANG_ANALYZER_LOCALIZABILITY_NONLOCALIZED = YES;
				CLANG_ANALYZER_NONNULL = YES;
				CLANG_ANALYZER_NUMBER_OBJECT_CONVERSION = YES_AGGRESSIVE;
				CLANG_CXX_LANGUAGE_STANDARD = "gnu++20";
				CLANG_ENABLE_MODULES = YES;
				CLANG_ENABLE_OBJC_ARC = YES;
				CLANG_ENABLE_OBJC_WEAK = YES;
				CLANG_WARN_BLOCK_CAPTURE_AUTORELEASING = YES;
				CLANG_WARN_BOOL_CONVERSION = YES;
				CLANG_WARN_COMMA = YES;
				CLANG_WARN_CONSTANT_CONVERSION = YES;
				CLANG_WARN_DEPRECATED_OBJC_IMPLEMENTATIONS = YES;
				CLANG_WARN_DIRECT_OBJC_ISA_USAGE = YES_ERROR;
				CLANG_WARN_DOCUMENTATION_COMMENTS = YES;
				CLANG_WARN_EMPTY_BODY = YES;
				CLANG_WARN_ENUM_CONVERSION = YES;
				CLANG_WARN_INFINITE_RECURSION = YES;
				CLANG_WARN_INT_CONVERSION = YES;
				CLANG_WARN_NON_LITERAL_NULL_CONVERSION = YES;
				CLANG_WARN_OBJC_IMPLICIT_RETAIN_SELF = YES;
				CLANG_WARN_OBJC_LITERAL_CONVERSION = YES;
				CLANG_WARN_OBJC_ROOT_CLASS = YES_ERROR;
				CLANG_WARN_QUOTED_INCLUDE_IN_FRAMEWORK_HEADER = YES;
				CLANG_WARN_RANGE_LOOP_ANALYSIS = YES;
				CLANG_WARN_STRICT_PROTOTYPES = YES;
				CLANG_WARN_SUSPICIOUS_MOVE = YES;
				CLANG_WARN_UNGUARDED_AVAILABILITY = YES_AGGRESSIVE;
				CLANG_WARN_UNREACHABLE_CODE = YES;
				CLANG_WARN__DUPLICATE_METHOD_MATCH = YES;
				COPY_PHASE_STRIP = NO;
				DEBUG_INFORMATION_FORMAT = dwarf;
				ENABLE_STRICT_OBJC_MSGSEND = YES;
				ENABLE_TESTABILITY = YES;
				ENABLE_USER_SCRIPT_SANDBOXING = YES;
				GCC_C_LANGUAGE_STANDARD = gnu17;
				GCC_DYNAMIC_NO_PIC = NO;
				GCC_NO_COMMON_BLOCKS = YES;
				GCC_OPTIMIZATION_LEVEL = 0;
				GCC_PREPROCESSOR_DEFINITIONS = (
					"DEBUG=1",
					"$(inherited)",
				);
				GCC_WARN_64_TO_32_BIT_CONVERSION = YES;
				GCC_WARN_ABOUT_RETURN_TYPE = YES_ERROR;
				GCC_WARN_UNDECLARED_SELECTOR = YES;
				GCC_WARN_UNINITIALIZED_AUTOS = YES_AGGRESSIVE;
				GCC_WARN_UNUSED_FUNCTION = YES;
				GCC_WARN_UNUSED_VARIABLE = YES;
				IPHONEOS_DEPLOYMENT_TARGET = 17.4;
				LOCALIZATION_PREFERS_STRING_CATALOGS = YES;
				MTL_ENABLE_DEBUG_INFO = INCLUDE_SOURCE;
				MTL_FAST_MATH = YES;
				ONLY_ACTIVE_ARCH = YES;
				SDKROOT = iphoneos;
				SWIFT_ACTIVE_COMPILATION_CONDITIONS = "DEBUG $(inherited)";
				SWIFT_OPTIMIZATION_LEVEL = "-Onone";
			};
			name = Debug;
		};
		2BC000642C00F8AD00A36B93 /* Release */ = {
			isa = XCBuildConfiguration;
			buildSettings = {
				ALWAYS_SEARCH_USER_PATHS = NO;
				ASSETCATALOG_COMPILER_GENERATE_SWIFT_ASSET_SYMBOL_EXTENSIONS = YES;
				CLANG_ANALYZER_LOCALIZABILITY_NONLOCALIZED = YES;
				CLANG_ANALYZER_NONNULL = YES;
				CLANG_ANALYZER_NUMBER_OBJECT_CONVERSION = YES_AGGRESSIVE;
				CLANG_CXX_LANGUAGE_STANDARD = "gnu++20";
				CLANG_ENABLE_MODULES = YES;
				CLANG_ENABLE_OBJC_ARC = YES;
				CLANG_ENABLE_OBJC_WEAK = YES;
				CLANG_WARN_BLOCK_CAPTURE_AUTORELEASING = YES;
				CLANG_WARN_BOOL_CONVERSION = YES;
				CLANG_WARN_COMMA = YES;
				CLANG_WARN_CONSTANT_CONVERSION = YES;
				CLANG_WARN_DEPRECATED_OBJC_IMPLEMENTATIONS = YES;
				CLANG_WARN_DIRECT_OBJC_ISA_USAGE = YES_ERROR;
				CLANG_WARN_DOCUMENTATION_COMMENTS = YES;
				CLANG_WARN_EMPTY_BODY = YES;
				CLANG_WARN_ENUM_CONVERSION = YES;
				CLANG_WARN_INFINITE_RECURSION = YES;
				CLANG_WARN_INT_CONVERSION = YES;
				CLANG_WARN_NON_LITERAL_NULL_CONVERSION = YES;
				CLANG_WARN_OBJC_IMPLICIT_RETAIN_SELF = YES;
				CLANG_WARN_OBJC_LITERAL_CONVERSION = YES;
				CLANG_WARN_OBJC_ROOT_CLASS = YES_ERROR;
				CLANG_WARN_QUOTED_INCLUDE_IN_FRAMEWORK_HEADER = YES;
				CLANG_WARN_RANGE_LOOP_ANALYSIS = YES;
				CLANG_WARN_STRICT_PROTOTYPES = YES;
				CLANG_WARN_SUSPICIOUS_MOVE = YES;
				CLANG_WARN_UNGUARDED_AVAILABILITY = YES_AGGRESSIVE;
				CLANG_WARN_UNREACHABLE_CODE = YES;
				CLANG_WARN__DUPLICATE_METHOD_MATCH = YES;
				COPY_PHASE_STRIP = NO;
				DEBUG_INFORMATION_FORMAT = "dwarf-with-dsym";
				ENABLE_NS_ASSERTIONS = NO;
				ENABLE_STRICT_OBJC_MSGSEND = YES;
				ENABLE_USER_SCRIPT_SANDBOXING = YES;
				GCC_C_LANGUAGE_STANDARD = gnu17;
				GCC_NO_COMMON_BLOCKS = YES;
				GCC_WARN_64_TO_32_BIT_CONVERSION = YES;
				GCC_WARN_ABOUT_RETURN_TYPE = YES_ERROR;
				GCC_WARN_UNDECLARED_SELECTOR = YES;
				GCC_WARN_UNINITIALIZED_AUTOS = YES_AGGRESSIVE;
				GCC_WARN_UNUSED_FUNCTION = YES;
				GCC_WARN_UNUSED_VARIABLE = YES;
				IPHONEOS_DEPLOYMENT_TARGET = 17.4;
				LOCALIZATION_PREFERS_STRING_CATALOGS = YES;
				MTL_ENABLE_DEBUG_INFO = NO;
				MTL_FAST_MATH = YES;
				SDKROOT = iphoneos;
				SWIFT_COMPILATION_MODE = wholemodule;
				VALIDATE_PRODUCT = YES;
			};
			name = Release;
		};
		2BC000662C00F8AD00A36B93 /* Debug */ = {
			isa = XCBuildConfiguration;
			buildSettings = {
				ASSETCATALOG_COMPILER_APPICON_NAME = AppIcon;
				ASSETCATALOG_COMPILER_GLOBAL_ACCENT_COLOR_NAME = AccentColor;
				CODE_SIGN_STYLE = Automatic;
				CURRENT_PROJECT_VERSION = 1;
				DEVELOPMENT_ASSET_PATHS = "\"ChatGPT_ChatApp/Preview Content\"";
				DEVELOPMENT_TEAM = 8HM2XMG9QM;
				ENABLE_PREVIEWS = YES;
				GENERATE_INFOPLIST_FILE = YES;
				INFOPLIST_KEY_NSMicrophoneUsageDescription = useing;
				INFOPLIST_KEY_UIApplicationSceneManifest_Generation = YES;
				INFOPLIST_KEY_UIApplicationSupportsIndirectInputEvents = YES;
				INFOPLIST_KEY_UILaunchScreen_Generation = YES;
				INFOPLIST_KEY_UISupportedInterfaceOrientations_iPad = "UIInterfaceOrientationPortrait UIInterfaceOrientationPortraitUpsideDown UIInterfaceOrientationLandscapeLeft UIInterfaceOrientationLandscapeRight";
				INFOPLIST_KEY_UISupportedInterfaceOrientations_iPhone = "UIInterfaceOrientationPortrait UIInterfaceOrientationLandscapeLeft UIInterfaceOrientationLandscapeRight";
				INFOPLIST_KEY_UIUserInterfaceStyle = Dark;
				LD_RUNPATH_SEARCH_PATHS = (
					"$(inherited)",
					"@executable_path/Frameworks",
				);
				MARKETING_VERSION = 1.0;
				PRODUCT_BUNDLE_IDENTIFIER = "ChatGPT-ChatApp.ChatGPT-ChatApp";
				PRODUCT_NAME = "$(TARGET_NAME)";
				SWIFT_EMIT_LOC_STRINGS = YES;
				SWIFT_VERSION = 5.0;
				TARGETED_DEVICE_FAMILY = "1,2";
			};
			name = Debug;
		};
		2BC000672C00F8AD00A36B93 /* Release */ = {
			isa = XCBuildConfiguration;
			buildSettings = {
				ASSETCATALOG_COMPILER_APPICON_NAME = AppIcon;
				ASSETCATALOG_COMPILER_GLOBAL_ACCENT_COLOR_NAME = AccentColor;
				CODE_SIGN_STYLE = Automatic;
				CURRENT_PROJECT_VERSION = 1;
				DEVELOPMENT_ASSET_PATHS = "\"ChatGPT_ChatApp/Preview Content\"";
				DEVELOPMENT_TEAM = 8HM2XMG9QM;
				ENABLE_PREVIEWS = YES;
				GENERATE_INFOPLIST_FILE = YES;
				INFOPLIST_KEY_NSMicrophoneUsageDescription = useing;
				INFOPLIST_KEY_UIApplicationSceneManifest_Generation = YES;
				INFOPLIST_KEY_UIApplicationSupportsIndirectInputEvents = YES;
				INFOPLIST_KEY_UILaunchScreen_Generation = YES;
				INFOPLIST_KEY_UISupportedInterfaceOrientations_iPad = "UIInterfaceOrientationPortrait UIInterfaceOrientationPortraitUpsideDown UIInterfaceOrientationLandscapeLeft UIInterfaceOrientationLandscapeRight";
				INFOPLIST_KEY_UISupportedInterfaceOrientations_iPhone = "UIInterfaceOrientationPortrait UIInterfaceOrientationLandscapeLeft UIInterfaceOrientationLandscapeRight";
				INFOPLIST_KEY_UIUserInterfaceStyle = Dark;
				LD_RUNPATH_SEARCH_PATHS = (
					"$(inherited)",
					"@executable_path/Frameworks",
				);
				MARKETING_VERSION = 1.0;
				PRODUCT_BUNDLE_IDENTIFIER = "ChatGPT-ChatApp.ChatGPT-ChatApp";
				PRODUCT_NAME = "$(TARGET_NAME)";
				SWIFT_EMIT_LOC_STRINGS = YES;
				SWIFT_VERSION = 5.0;
				TARGETED_DEVICE_FAMILY = "1,2";
			};
			name = Release;
		};
/* End XCBuildConfiguration section */

/* Begin XCConfigurationList section */
		2BC000522C00F8AC00A36B93 /* Build configuration list for PBXProject "ChatGPT_ChatApp" */ = {
			isa = XCConfigurationList;
			buildConfigurations = (
				2BC000632C00F8AD00A36B93 /* Debug */,
				2BC000642C00F8AD00A36B93 /* Release */,
			);
			defaultConfigurationIsVisible = 0;
			defaultConfigurationName = Release;
		};
		2BC000652C00F8AD00A36B93 /* Build configuration list for PBXNativeTarget "ChatGPT_ChatApp" */ = {
			isa = XCConfigurationList;
			buildConfigurations = (
				2BC000662C00F8AD00A36B93 /* Debug */,
				2BC000672C00F8AD00A36B93 /* Release */,
			);
			defaultConfigurationIsVisible = 0;
			defaultConfigurationName = Release;
		};
/* End XCConfigurationList section */

/* Begin XCRemoteSwiftPackageReference section */
		2B9D4DED2C0CC565001E8E2F /* XCRemoteSwiftPackageReference "Alamofire" */ = {
			isa = XCRemoteSwiftPackageReference;
			repositoryURL = "https://github.com/Alamofire/Alamofire.git";
			requirement = {
				kind = upToNextMajorVersion;
				minimumVersion = 5.9.1;
			};
		};
		2BC000682C00F8C300A36B93 /* XCRemoteSwiftPackageReference "OpenAI" */ = {
			isa = XCRemoteSwiftPackageReference;
			repositoryURL = "https://github.com/MacPaw/OpenAI.git";
			requirement = {
				kind = upToNextMajorVersion;
				minimumVersion = 0.2.9;
			};
		};
/* End XCRemoteSwiftPackageReference section */

/* Begin XCSwiftPackageProductDependency section */
		2B83916E2C024FBE009F3A43 /* OpenAI */ = {
			isa = XCSwiftPackageProductDependency;
			package = 2BC000682C00F8C300A36B93 /* XCRemoteSwiftPackageReference "OpenAI" */;
			productName = OpenAI;
		};
		2B9D4DEE2C0CC565001E8E2F /* Alamofire */ = {
			isa = XCSwiftPackageProductDependency;
			package = 2B9D4DED2C0CC565001E8E2F /* XCRemoteSwiftPackageReference "Alamofire" */;
			productName = Alamofire;
		};
/* End XCSwiftPackageProductDependency section */
	};
	rootObject = 2BC0004F2C00F8AC00A36B93 /* Project object */;
}
